
Microsoft Visual Studio Solution File, Format Version 12.00
# Visual Studio Version 17
VisualStudioVersion = 17.13.35818.85 d17.13
MinimumVisualStudioVersion = 10.0.40219.1
Project("{FAE04EC0-301F-11D3-BF4B-00C04F79EFBC}") = "vocalabory", "vocalabory.csproj", "{58BF9B23-9057-4A23-BF3D-89FBAD7CB5A3}"
EndProject
Global
	GlobalSection(SolutionConfigurationPlatforms) = preSolution
		Debug|Any CPU = Debug|Any CPU
		Release|Any CPU = Release|Any CPU
	EndGlobalSection
	GlobalSection(ProjectConfigurationPlatforms) = postSolution
		{58BF9B23-9057-4A23-BF3D-89FBAD7CB5A3}.Debug|Any CPU.ActiveCfg = Debug|Any CPU
		{58BF9B23-9057-4A23-BF3D-89FBAD7CB5A3}.Debug|Any CPU.Build.0 = Debug|Any CPU
		{58BF9B23-9057-4A23-BF3D-89FBAD7CB5A3}.Release|Any CPU.ActiveCfg = Release|Any CPU
		{58BF9B23-9057-4A23-BF3D-89FBAD7CB5A3}.Release|Any CPU.Build.0 = Release|Any CPU
	EndGlobalSection
	GlobalSection(SolutionProperties) = preSolution
		HideSolutionNode = FALSE
	EndGlobalSection
	GlobalSection(ExtensibilityGlobals) = postSolution
		SolutionGuid = {51695264-4D6E-4308-BDE2-54B0B0E828AF}
	EndGlobalSection
EndGlobal
